
Microsoft Visual Studio Solution File, Format Version 12.00
# Visual Studio Version 16
VisualStudioVersion = 16.0.31702.278
MinimumVisualStudioVersion = 10.0.40219.1
Project("{2150E333-8FDC-42A3-9474-1A3956D46DE8}") = "Hanoi", "Hanoi", "{BA5BBECA-C894-42B2-A359-A9E9DA12E2F3}"
EndProject
Project("{FAE04EC0-301F-11D3-BF4B-00C04F79EFBC}") = "Hanoi", "Hanoi\Hanoi.csproj", "{DEDC6AAB-3C6A-4E59-8202-D79A83993D6D}"
EndProject
Global
	GlobalSection(SolutionConfigurationPlatforms) = preSolution
		Debug|Any CPU = Debug|Any CPU
		Release|Any CPU = Release|Any CPU
	EndGlobalSection
	GlobalSection(ProjectConfigurationPlatforms) = postSolution
		{DEDC6AAB-3C6A-4E59-8202-D79A83993D6D}.Debug|Any CPU.ActiveCfg = Debug|Any CPU
		{DEDC6AAB-3C6A-4E59-8202-D79A83993D6D}.Debug|Any CPU.Build.0 = Debug|Any CPU
		{DEDC6AAB-3C6A-4E59-8202-D79A83993D6D}.Release|Any CPU.ActiveCfg = Release|Any CPU
		{DEDC6AAB-3C6A-4E59-8202-D79A83993D6D}.Release|Any CPU.Build.0 = Release|Any CPU
	EndGlobalSection
	GlobalSection(SolutionProperties) = preSolution
		HideSolutionNode = FALSE
	EndGlobalSection
	GlobalSection(NestedProjects) = preSolution
		{DEDC6AAB-3C6A-4E59-8202-D79A83993D6D} = {BA5BBECA-C894-42B2-A359-A9E9DA12E2F3}
	EndGlobalSection
	GlobalSection(ExtensibilityGlobals) = postSolution
		SolutionGuid = {95B590E7-E557-465D-83FB-1377C8913CB4}
	EndGlobalSection
EndGlobal
